{
  "name": "src",
  "lockfileVersion": 2,
  "requires": true,
  "packages": {
    "": {
      "dependencies": {
        "f1-2021-udp": "^1.12.12"
      }
    },
    "node_modules/binary-parser": {
      "version": "2.0.2",
      "resolved": "https://registry.npmjs.org/binary-parser/-/binary-parser-2.0.2.tgz",
      "integrity": "sha512-F2JeaLmExQ0vOEbS5ERzkxePKWTPqJPV6Z04/owaXMQLlW1Kt9v2gUz3SocR40JQGtrUeZu3j6prZDeuEG8Dng==",
      "engines": {
        "node": ">=12"
      }
    },
    "node_modules/f1-2021-udp": {
      "version": "1.12.12",
      "resolved": "https://registry.npmjs.org/f1-2021-udp/-/f1-2021-udp-1.12.12.tgz",
      "integrity": "sha512-HuI3vvm0JTzR9RU7XZGspkbaZvWsudtlj7Mx+zw9eCOp8Z9nu67OJ6sVhz76Y4DXshveQkIahcU+Qk0WyxkLRQ==",
      "dependencies": {
        "binary-parser": "^2.0.1"
      },
      "engines": {
        "node": ">=12"
      }
    }
  },
  "dependencies": {
    "binary-parser": {
      "version": "2.0.2",
      "resolved": "https://registry.npmjs.org/binary-parser/-/binary-parser-2.0.2.tgz",
      "integrity": "sha512-F2JeaLmExQ0vOEbS5ERzkxePKWTPqJPV6Z04/owaXMQLlW1Kt9v2gUz3SocR40JQGtrUeZu3j6prZDeuEG8Dng=="
    },
    "f1-2021-udp": {
      "version": "1.12.12",
      "resolved": "https://registry.npmjs.org/f1-2021-udp/-/f1-2021-udp-1.12.12.tgz",
      "integrity": "sha512-HuI3vvm0JTzR9RU7XZGspkbaZvWsudtlj7Mx+zw9eCOp8Z9nu67OJ6sVhz76Y4DXshveQkIahcU+Qk0WyxkLRQ==",
      "requires": {
        "binary-parser": "^2.0.1"
      }
    }
  }
}
